
Microsoft Visual Studio Solution File, Format Version 12.00
# Visual Studio 2015
Project("{FAE04EC0-301F-11D3-BF4B-00C04F79EFBC}") = "UPDPharmacyUnity.Plugins", "UPDPharmacyUnity.Plugins.csproj", "{FDFA1D5F-C2B8-E8D8-DD98-28AD3D9C3F4F}"
EndProject
Project("{FAE04EC0-301F-11D3-BF4B-00C04F79EFBC}") = "UPDPharmacyUnity", "UPDPharmacyUnity.csproj", "{1E15328D-8AD6-390A-BD96-B9C8CD26A21F}"
EndProject
Project("{FAE04EC0-301F-11D3-BF4B-00C04F79EFBC}") = "UPDPharmacyUnity.Editor", "UPDPharmacyUnity.Editor.csproj", "{3E564B4D-A550-B619-DE9E-912E0F6D2226}"
EndProject
Global
	GlobalSection(SolutionConfigurationPlatforms) = preSolution
		Debug|Any CPU = Debug|Any CPU
		Release|Any CPU = Release|Any CPU
	EndGlobalSection
	GlobalSection(ProjectConfigurationPlatforms) = postSolution
		{FDFA1D5F-C2B8-E8D8-DD98-28AD3D9C3F4F}.Debug|Any CPU.ActiveCfg = Debug|Any CPU
		{FDFA1D5F-C2B8-E8D8-DD98-28AD3D9C3F4F}.Debug|Any CPU.Build.0 = Debug|Any CPU
		{FDFA1D5F-C2B8-E8D8-DD98-28AD3D9C3F4F}.Release|Any CPU.ActiveCfg = Release|Any CPU
		{FDFA1D5F-C2B8-E8D8-DD98-28AD3D9C3F4F}.Release|Any CPU.Build.0 = Release|Any CPU
		{1E15328D-8AD6-390A-BD96-B9C8CD26A21F}.Debug|Any CPU.ActiveCfg = Debug|Any CPU
		{1E15328D-8AD6-390A-BD96-B9C8CD26A21F}.Debug|Any CPU.Build.0 = Debug|Any CPU
		{1E15328D-8AD6-390A-BD96-B9C8CD26A21F}.Release|Any CPU.ActiveCfg = Release|Any CPU
		{1E15328D-8AD6-390A-BD96-B9C8CD26A21F}.Release|Any CPU.Build.0 = Release|Any CPU
		{3E564B4D-A550-B619-DE9E-912E0F6D2226}.Debug|Any CPU.ActiveCfg = Debug|Any CPU
		{3E564B4D-A550-B619-DE9E-912E0F6D2226}.Debug|Any CPU.Build.0 = Debug|Any CPU
		{3E564B4D-A550-B619-DE9E-912E0F6D2226}.Release|Any CPU.ActiveCfg = Release|Any CPU
		{3E564B4D-A550-B619-DE9E-912E0F6D2226}.Release|Any CPU.Build.0 = Release|Any CPU
	EndGlobalSection
	GlobalSection(SolutionProperties) = preSolution
		HideSolutionNode = FALSE
	EndGlobalSection
EndGlobal
